
Microsoft Visual Studio Solution File, Format Version 12.00
# Visual Studio Version 17
VisualStudioVersion = 17.3.32901.215
MinimumVisualStudioVersion = 10.0.40219.1
Project("{FAE04EC0-301F-11D3-BF4B-00C04F79EFBC}") = "PRACTICA3", "PRACTICA3\PRACTICA3.csproj", "{82C6545D-F63B-43CA-94E4-C945E6276D92}"
EndProject
Global
	GlobalSection(SolutionConfigurationPlatforms) = preSolution
		Debug|Any CPU = Debug|Any CPU
		Release|Any CPU = Release|Any CPU
	EndGlobalSection
	GlobalSection(ProjectConfigurationPlatforms) = postSolution
		{82C6545D-F63B-43CA-94E4-C945E6276D92}.Debug|Any CPU.ActiveCfg = Debug|Any CPU
		{82C6545D-F63B-43CA-94E4-C945E6276D92}.Debug|Any CPU.Build.0 = Debug|Any CPU
		{82C6545D-F63B-43CA-94E4-C945E6276D92}.Release|Any CPU.ActiveCfg = Release|Any CPU
		{82C6545D-F63B-43CA-94E4-C945E6276D92}.Release|Any CPU.Build.0 = Release|Any CPU
	EndGlobalSection
	GlobalSection(SolutionProperties) = preSolution
		HideSolutionNode = FALSE
	EndGlobalSection
	GlobalSection(ExtensibilityGlobals) = postSolution
		SolutionGuid = {DE63642E-4428-4666-B4C7-91FC1FD21D3D}
	EndGlobalSection
EndGlobal
